
Microsoft Visual Studio Solution File, Format Version 12.00
# Visual Studio Version 16
VisualStudioVersion = 16.0.31624.102
MinimumVisualStudioVersion = 10.0.40219.1
Project("{FAE04EC0-301F-11D3-BF4B-00C04F79EFBC}") = "PDC06Mod04Act01.Android", "PDC06Mod04Act01\PDC06Mod04Act01.Android\PDC06Mod04Act01.Android.csproj", "{3D1B969A-29BF-4593-BB12-B2356EDF47F5}"
EndProject
Project("{FAE04EC0-301F-11D3-BF4B-00C04F79EFBC}") = "PDC06Mod04Act01.iOS", "PDC06Mod04Act01\PDC06Mod04Act01.iOS\PDC06Mod04Act01.iOS.csproj", "{9EE45842-6FE9-4E7F-ABE9-A1B41FF84CF7}"
EndProject
Project("{FAE04EC0-301F-11D3-BF4B-00C04F79EFBC}") = "PDC06Mod04Act01", "PDC06Mod04Act01\PDC06Mod04Act01\PDC06Mod04Act01.csproj", "{9B9E2C17-CC00-4AB4-92BA-57A20706DB5F}"
EndProject
Global
	GlobalSection(SolutionConfigurationPlatforms) = preSolution
		Debug|Any CPU = Debug|Any CPU
		Debug|iPhone = Debug|iPhone
		Debug|iPhoneSimulator = Debug|iPhoneSimulator
		Release|Any CPU = Release|Any CPU
		Release|iPhone = Release|iPhone
		Release|iPhoneSimulator = Release|iPhoneSimulator
	EndGlobalSection
	GlobalSection(ProjectConfigurationPlatforms) = postSolution
		{3D1B969A-29BF-4593-BB12-B2356EDF47F5}.Debug|Any CPU.ActiveCfg = Debug|Any CPU
		{3D1B969A-29BF-4593-BB12-B2356EDF47F5}.Debug|Any CPU.Build.0 = Debug|Any CPU
		{3D1B969A-29BF-4593-BB12-B2356EDF47F5}.Debug|Any CPU.Deploy.0 = Debug|Any CPU
		{3D1B969A-29BF-4593-BB12-B2356EDF47F5}.Debug|iPhone.ActiveCfg = Debug|Any CPU
		{3D1B969A-29BF-4593-BB12-B2356EDF47F5}.Debug|iPhone.Build.0 = Debug|Any CPU
		{3D1B969A-29BF-4593-BB12-B2356EDF47F5}.Debug|iPhone.Deploy.0 = Debug|Any CPU
		{3D1B969A-29BF-4593-BB12-B2356EDF47F5}.Debug|iPhoneSimulator.ActiveCfg = Debug|Any CPU
		{3D1B969A-29BF-4593-BB12-B2356EDF47F5}.Debug|iPhoneSimulator.Build.0 = Debug|Any CPU
		{3D1B969A-29BF-4593-BB12-B2356EDF47F5}.Debug|iPhoneSimulator.Deploy.0 = Debug|Any CPU
		{3D1B969A-29BF-4593-BB12-B2356EDF47F5}.Release|Any CPU.ActiveCfg = Release|Any CPU
		{3D1B969A-29BF-4593-BB12-B2356EDF47F5}.Release|Any CPU.Build.0 = Release|Any CPU
		{3D1B969A-29BF-4593-BB12-B2356EDF47F5}.Release|Any CPU.Deploy.0 = Release|Any CPU
		{3D1B969A-29BF-4593-BB12-B2356EDF47F5}.Release|iPhone.ActiveCfg = Release|Any CPU
		{3D1B969A-29BF-4593-BB12-B2356EDF47F5}.Release|iPhone.Build.0 = Release|Any CPU
		{3D1B969A-29BF-4593-BB12-B2356EDF47F5}.Release|iPhone.Deploy.0 = Release|Any CPU
		{3D1B969A-29BF-4593-BB12-B2356EDF47F5}.Release|iPhoneSimulator.ActiveCfg = Release|Any CPU
		{3D1B969A-29BF-4593-BB12-B2356EDF47F5}.Release|iPhoneSimulator.Build.0 = Release|Any CPU
		{3D1B969A-29BF-4593-BB12-B2356EDF47F5}.Release|iPhoneSimulator.Deploy.0 = Release|Any CPU
		{9EE45842-6FE9-4E7F-ABE9-A1B41FF84CF7}.Debug|Any CPU.ActiveCfg = Debug|iPhone
		{9EE45842-6FE9-4E7F-ABE9-A1B41FF84CF7}.Debug|Any CPU.Build.0 = Debug|iPhone
		{9EE45842-6FE9-4E7F-ABE9-A1B41FF84CF7}.Debug|Any CPU.Deploy.0 = Debug|iPhone
		{9EE45842-6FE9-4E7F-ABE9-A1B41FF84CF7}.Debug|iPhone.ActiveCfg = Debug|iPhone
		{9EE45842-6FE9-4E7F-ABE9-A1B41FF84CF7}.Debug|iPhone.Build.0 = Debug|iPhone
		{9EE45842-6FE9-4E7F-ABE9-A1B41FF84CF7}.Debug|iPhone.Deploy.0 = Debug|iPhone
		{9EE45842-6FE9-4E7F-ABE9-A1B41FF84CF7}.Debug|iPhoneSimulator.ActiveCfg = Debug|iPhoneSimulator
		{9EE45842-6FE9-4E7F-ABE9-A1B41FF84CF7}.Debug|iPhoneSimulator.Build.0 = Debug|iPhoneSimulator
		{9EE45842-6FE9-4E7F-ABE9-A1B41FF84CF7}.Debug|iPhoneSimulator.Deploy.0 = Debug|iPhoneSimulator
		{9EE45842-6FE9-4E7F-ABE9-A1B41FF84CF7}.Release|Any CPU.ActiveCfg = Release|iPhoneSimulator
		{9EE45842-6FE9-4E7F-ABE9-A1B41FF84CF7}.Release|Any CPU.Build.0 = Release|iPhoneSimulator
		{9EE45842-6FE9-4E7F-ABE9-A1B41FF84CF7}.Release|Any CPU.Deploy.0 = Release|iPhoneSimulator
		{9EE45842-6FE9-4E7F-ABE9-A1B41FF84CF7}.Release|iPhone.ActiveCfg = Release|iPhone
		{9EE45842-6FE9-4E7F-ABE9-A1B41FF84CF7}.Release|iPhone.Build.0 = Release|iPhone
		{9EE45842-6FE9-4E7F-ABE9-A1B41FF84CF7}.Release|iPhone.Deploy.0 = Release|iPhone
		{9EE45842-6FE9-4E7F-ABE9-A1B41FF84CF7}.Release|iPhoneSimulator.ActiveCfg = Release|iPhoneSimulator
		{9EE45842-6FE9-4E7F-ABE9-A1B41FF84CF7}.Release|iPhoneSimulator.Build.0 = Release|iPhoneSimulator
		{9EE45842-6FE9-4E7F-ABE9-A1B41FF84CF7}.Release|iPhoneSimulator.Deploy.0 = Release|iPhoneSimulator
		{9B9E2C17-CC00-4AB4-92BA-57A20706DB5F}.Debug|Any CPU.ActiveCfg = Debug|Any CPU
		{9B9E2C17-CC00-4AB4-92BA-57A20706DB5F}.Debug|Any CPU.Build.0 = Debug|Any CPU
		{9B9E2C17-CC00-4AB4-92BA-57A20706DB5F}.Debug|Any CPU.Deploy.0 = Debug|Any CPU
		{9B9E2C17-CC00-4AB4-92BA-57A20706DB5F}.Debug|iPhone.ActiveCfg = Debug|Any CPU
		{9B9E2C17-CC00-4AB4-92BA-57A20706DB5F}.Debug|iPhone.Build.0 = Debug|Any CPU
		{9B9E2C17-CC00-4AB4-92BA-57A20706DB5F}.Debug|iPhone.Deploy.0 = Debug|Any CPU
		{9B9E2C17-CC00-4AB4-92BA-57A20706DB5F}.Debug|iPhoneSimulator.ActiveCfg = Debug|Any CPU
		{9B9E2C17-CC00-4AB4-92BA-57A20706DB5F}.Debug|iPhoneSimulator.Build.0 = Debug|Any CPU
		{9B9E2C17-CC00-4AB4-92BA-57A20706DB5F}.Debug|iPhoneSimulator.Deploy.0 = Debug|Any CPU
		{9B9E2C17-CC00-4AB4-92BA-57A20706DB5F}.Release|Any CPU.ActiveCfg = Release|Any CPU
		{9B9E2C17-CC00-4AB4-92BA-57A20706DB5F}.Release|Any CPU.Build.0 = Release|Any CPU
		{9B9E2C17-CC00-4AB4-92BA-57A20706DB5F}.Release|Any CPU.Deploy.0 = Release|Any CPU
		{9B9E2C17-CC00-4AB4-92BA-57A20706DB5F}.Release|iPhone.ActiveCfg = Release|Any CPU
		{9B9E2C17-CC00-4AB4-92BA-57A20706DB5F}.Release|iPhone.Build.0 = Release|Any CPU
		{9B9E2C17-CC00-4AB4-92BA-57A20706DB5F}.Release|iPhone.Deploy.0 = Release|Any CPU
		{9B9E2C17-CC00-4AB4-92BA-57A20706DB5F}.Release|iPhoneSimulator.ActiveCfg = Release|Any CPU
		{9B9E2C17-CC00-4AB4-92BA-57A20706DB5F}.Release|iPhoneSimulator.Build.0 = Release|Any CPU
		{9B9E2C17-CC00-4AB4-92BA-57A20706DB5F}.Release|iPhoneSimulator.Deploy.0 = Release|Any CPU
	EndGlobalSection
	GlobalSection(SolutionProperties) = preSolution
		HideSolutionNode = FALSE
	EndGlobalSection
	GlobalSection(ExtensibilityGlobals) = postSolution
		SolutionGuid = {AF71BA88-3515-4635-BD1C-697D1D63BF17}
	EndGlobalSection
EndGlobal
